
Microsoft Visual Studio Solution File, Format Version 12.00
# Visual Studio 15
VisualStudioVersion = 15.0.26124.0
MinimumVisualStudioVersion = 15.0.26124.0
Project("{9A19103F-16F7-4668-BE54-9A1E7A4F7556}") = "Bizy", "Bizy.csproj", "{666A0634-122B-4848-95BD-29D726B8ACC5}"
EndProject
Project("{FAE04EC0-301F-11D3-BF4B-00C04F79EFBC}") = "Bizy.Tests", "..\tests\Bizy.Tests\Bizy.Tests.csproj", "{54786AA9-4702-4D38-8530-C95ECE871280}"
EndProject
Global
	GlobalSection(SolutionConfigurationPlatforms) = preSolution
		Debug|Any CPU = Debug|Any CPU
		Debug|x64 = Debug|x64
		Debug|x86 = Debug|x86
		Release|Any CPU = Release|Any CPU
		Release|x64 = Release|x64
		Release|x86 = Release|x86
	EndGlobalSection
	GlobalSection(ProjectConfigurationPlatforms) = postSolution
		{666A0634-122B-4848-95BD-29D726B8ACC5}.Debug|Any CPU.ActiveCfg = Debug|Any CPU
		{666A0634-122B-4848-95BD-29D726B8ACC5}.Debug|Any CPU.Build.0 = Debug|Any CPU
		{666A0634-122B-4848-95BD-29D726B8ACC5}.Debug|x64.ActiveCfg = Debug|Any CPU
		{666A0634-122B-4848-95BD-29D726B8ACC5}.Debug|x64.Build.0 = Debug|Any CPU
		{666A0634-122B-4848-95BD-29D726B8ACC5}.Debug|x86.ActiveCfg = Debug|Any CPU
		{666A0634-122B-4848-95BD-29D726B8ACC5}.Debug|x86.Build.0 = Debug|Any CPU
		{666A0634-122B-4848-95BD-29D726B8ACC5}.Release|Any CPU.ActiveCfg = Release|Any CPU
		{666A0634-122B-4848-95BD-29D726B8ACC5}.Release|Any CPU.Build.0 = Release|Any CPU
		{666A0634-122B-4848-95BD-29D726B8ACC5}.Release|x64.ActiveCfg = Release|Any CPU
		{666A0634-122B-4848-95BD-29D726B8ACC5}.Release|x64.Build.0 = Release|Any CPU
		{666A0634-122B-4848-95BD-29D726B8ACC5}.Release|x86.ActiveCfg = Release|Any CPU
		{666A0634-122B-4848-95BD-29D726B8ACC5}.Release|x86.Build.0 = Release|Any CPU
		{54786AA9-4702-4D38-8530-C95ECE871280}.Debug|Any CPU.ActiveCfg = Debug|Any CPU
		{54786AA9-4702-4D38-8530-C95ECE871280}.Debug|Any CPU.Build.0 = Debug|Any CPU
		{54786AA9-4702-4D38-8530-C95ECE871280}.Debug|x64.ActiveCfg = Debug|Any CPU
		{54786AA9-4702-4D38-8530-C95ECE871280}.Debug|x64.Build.0 = Debug|Any CPU
		{54786AA9-4702-4D38-8530-C95ECE871280}.Debug|x86.ActiveCfg = Debug|Any CPU
		{54786AA9-4702-4D38-8530-C95ECE871280}.Debug|x86.Build.0 = Debug|Any CPU
		{54786AA9-4702-4D38-8530-C95ECE871280}.Release|Any CPU.ActiveCfg = Release|Any CPU
		{54786AA9-4702-4D38-8530-C95ECE871280}.Release|Any CPU.Build.0 = Release|Any CPU
		{54786AA9-4702-4D38-8530-C95ECE871280}.Release|x64.ActiveCfg = Release|Any CPU
		{54786AA9-4702-4D38-8530-C95ECE871280}.Release|x64.Build.0 = Release|Any CPU
		{54786AA9-4702-4D38-8530-C95ECE871280}.Release|x86.ActiveCfg = Release|Any CPU
		{54786AA9-4702-4D38-8530-C95ECE871280}.Release|x86.Build.0 = Release|Any CPU
	EndGlobalSection
	GlobalSection(SolutionProperties) = preSolution
		HideSolutionNode = FALSE
	EndGlobalSection
	GlobalSection(ExtensibilityGlobals) = postSolution
		SolutionGuid = {A5B3ACB8-7FBB-416D-93F5-ACEA5F430D58}
	EndGlobalSection
EndGlobal
