
Microsoft Visual Studio Solution File, Format Version 12.00
# Visual Studio 15
VisualStudioVersion = 15.0.26124.0
MinimumVisualStudioVersion = 15.0.26124.0
Project("{9A19103F-16F7-4668-BE54-9A1E7A4F7556}") = "Bizy.WinBizApi.Tests", "..\tests\Bizy.WinBizApi.Tests\Bizy.WinBizApi.Tests.csproj", "{3D7E111A-6CEB-4361-98DA-314680698849}"
EndProject
Project("{9A19103F-16F7-4668-BE54-9A1E7A4F7556}") = "Bizy.WinBizApi", "Bizy.WinBizApi\Bizy.WinBizApi.csproj", "{B4A16B34-A4E8-46BF-92AB-D435ED0FAF5A}"
EndProject
Project("{9A19103F-16F7-4668-BE54-9A1E7A4F7556}") = "Bizy.Web", "Bizy.Web\Bizy.Web.csproj", "{6BD3F75D-08EF-4887-A32A-AE3B25AD1532}"
EndProject
Global
	GlobalSection(SolutionConfigurationPlatforms) = preSolution
		Debug|Any CPU = Debug|Any CPU
		Debug|x64 = Debug|x64
		Debug|x86 = Debug|x86
		Release|Any CPU = Release|Any CPU
		Release|x64 = Release|x64
		Release|x86 = Release|x86
	EndGlobalSection
	GlobalSection(ProjectConfigurationPlatforms) = postSolution
		{3D7E111A-6CEB-4361-98DA-314680698849}.Debug|Any CPU.ActiveCfg = Debug|Any CPU
		{3D7E111A-6CEB-4361-98DA-314680698849}.Debug|Any CPU.Build.0 = Debug|Any CPU
		{3D7E111A-6CEB-4361-98DA-314680698849}.Debug|x64.ActiveCfg = Debug|Any CPU
		{3D7E111A-6CEB-4361-98DA-314680698849}.Debug|x64.Build.0 = Debug|Any CPU
		{3D7E111A-6CEB-4361-98DA-314680698849}.Debug|x86.ActiveCfg = Debug|Any CPU
		{3D7E111A-6CEB-4361-98DA-314680698849}.Debug|x86.Build.0 = Debug|Any CPU
		{3D7E111A-6CEB-4361-98DA-314680698849}.Release|Any CPU.ActiveCfg = Release|Any CPU
		{3D7E111A-6CEB-4361-98DA-314680698849}.Release|Any CPU.Build.0 = Release|Any CPU
		{3D7E111A-6CEB-4361-98DA-314680698849}.Release|x64.ActiveCfg = Release|Any CPU
		{3D7E111A-6CEB-4361-98DA-314680698849}.Release|x64.Build.0 = Release|Any CPU
		{3D7E111A-6CEB-4361-98DA-314680698849}.Release|x86.ActiveCfg = Release|Any CPU
		{3D7E111A-6CEB-4361-98DA-314680698849}.Release|x86.Build.0 = Release|Any CPU
		{B4A16B34-A4E8-46BF-92AB-D435ED0FAF5A}.Debug|Any CPU.ActiveCfg = Debug|Any CPU
		{B4A16B34-A4E8-46BF-92AB-D435ED0FAF5A}.Debug|Any CPU.Build.0 = Debug|Any CPU
		{B4A16B34-A4E8-46BF-92AB-D435ED0FAF5A}.Debug|x64.ActiveCfg = Debug|Any CPU
		{B4A16B34-A4E8-46BF-92AB-D435ED0FAF5A}.Debug|x64.Build.0 = Debug|Any CPU
		{B4A16B34-A4E8-46BF-92AB-D435ED0FAF5A}.Debug|x86.ActiveCfg = Debug|Any CPU
		{B4A16B34-A4E8-46BF-92AB-D435ED0FAF5A}.Debug|x86.Build.0 = Debug|Any CPU
		{B4A16B34-A4E8-46BF-92AB-D435ED0FAF5A}.Release|Any CPU.ActiveCfg = Release|Any CPU
		{B4A16B34-A4E8-46BF-92AB-D435ED0FAF5A}.Release|Any CPU.Build.0 = Release|Any CPU
		{B4A16B34-A4E8-46BF-92AB-D435ED0FAF5A}.Release|x64.ActiveCfg = Release|Any CPU
		{B4A16B34-A4E8-46BF-92AB-D435ED0FAF5A}.Release|x64.Build.0 = Release|Any CPU
		{B4A16B34-A4E8-46BF-92AB-D435ED0FAF5A}.Release|x86.ActiveCfg = Release|Any CPU
		{B4A16B34-A4E8-46BF-92AB-D435ED0FAF5A}.Release|x86.Build.0 = Release|Any CPU
		{6BD3F75D-08EF-4887-A32A-AE3B25AD1532}.Debug|Any CPU.ActiveCfg = Debug|Any CPU
		{6BD3F75D-08EF-4887-A32A-AE3B25AD1532}.Debug|Any CPU.Build.0 = Debug|Any CPU
		{6BD3F75D-08EF-4887-A32A-AE3B25AD1532}.Debug|x64.ActiveCfg = Debug|Any CPU
		{6BD3F75D-08EF-4887-A32A-AE3B25AD1532}.Debug|x64.Build.0 = Debug|Any CPU
		{6BD3F75D-08EF-4887-A32A-AE3B25AD1532}.Debug|x86.ActiveCfg = Debug|Any CPU
		{6BD3F75D-08EF-4887-A32A-AE3B25AD1532}.Debug|x86.Build.0 = Debug|Any CPU
		{6BD3F75D-08EF-4887-A32A-AE3B25AD1532}.Release|Any CPU.ActiveCfg = Release|Any CPU
		{6BD3F75D-08EF-4887-A32A-AE3B25AD1532}.Release|Any CPU.Build.0 = Release|Any CPU
		{6BD3F75D-08EF-4887-A32A-AE3B25AD1532}.Release|x64.ActiveCfg = Release|Any CPU
		{6BD3F75D-08EF-4887-A32A-AE3B25AD1532}.Release|x64.Build.0 = Release|Any CPU
		{6BD3F75D-08EF-4887-A32A-AE3B25AD1532}.Release|x86.ActiveCfg = Release|Any CPU
		{6BD3F75D-08EF-4887-A32A-AE3B25AD1532}.Release|x86.Build.0 = Release|Any CPU
	EndGlobalSection
	GlobalSection(SolutionProperties) = preSolution
		HideSolutionNode = FALSE
	EndGlobalSection
	GlobalSection(ExtensibilityGlobals) = postSolution
		SolutionGuid = {A5B3ACB8-7FBB-416D-93F5-ACEA5F430D58}
	EndGlobalSection
EndGlobal
